
Microsoft Visual Studio Solution File, Format Version 12.00
# Visual Studio Version 17
VisualStudioVersion = 17.14.36414.22 d17.14
MinimumVisualStudioVersion = 10.0.40219.1
Project("{FAE04EC0-301F-11D3-BF4B-00C04F79EFBC}") = "GenuineConcepts.TypeVarianceExtensions", "GenuineConcepts.TypeVarianceExtensions\GenuineConcepts.TypeVarianceExtensions.csproj", "{CBFABDD2-EF96-4384-A145-D2C1BC6E0A58}"
EndProject
Project("{FAE04EC0-301F-11D3-BF4B-00C04F79EFBC}") = "GenuineConcepts.TypeVarianceExtensions.Tests", "GenuineConcepts.TypeVarianceExtensions.Tests\GenuineConcepts.TypeVarianceExtensions.Tests.csproj", "{407B2987-7FE4-4DB4-8A81-CA8C547B50BD}"
EndProject
Global
	GlobalSection(SolutionConfigurationPlatforms) = preSolution
		Debug|Any CPU = Debug|Any CPU
		Release|Any CPU = Release|Any CPU
	EndGlobalSection
	GlobalSection(ProjectConfigurationPlatforms) = postSolution
		{CBFABDD2-EF96-4384-A145-D2C1BC6E0A58}.Debug|Any CPU.ActiveCfg = Debug|Any CPU
		{CBFABDD2-EF96-4384-A145-D2C1BC6E0A58}.Debug|Any CPU.Build.0 = Debug|Any CPU
		{CBFABDD2-EF96-4384-A145-D2C1BC6E0A58}.Release|Any CPU.ActiveCfg = Release|Any CPU
		{CBFABDD2-EF96-4384-A145-D2C1BC6E0A58}.Release|Any CPU.Build.0 = Release|Any CPU
		{407B2987-7FE4-4DB4-8A81-CA8C547B50BD}.Debug|Any CPU.ActiveCfg = Debug|Any CPU
		{407B2987-7FE4-4DB4-8A81-CA8C547B50BD}.Debug|Any CPU.Build.0 = Debug|Any CPU
		{407B2987-7FE4-4DB4-8A81-CA8C547B50BD}.Release|Any CPU.ActiveCfg = Release|Any CPU
		{407B2987-7FE4-4DB4-8A81-CA8C547B50BD}.Release|Any CPU.Build.0 = Release|Any CPU
	EndGlobalSection
	GlobalSection(SolutionProperties) = preSolution
		HideSolutionNode = FALSE
	EndGlobalSection
	GlobalSection(ExtensibilityGlobals) = postSolution
		SolutionGuid = {87EB72E3-BAA6-4C88-80A4-1352A17993C1}
	EndGlobalSection
EndGlobal
